// !$*UTF8*$!
{
	archiveVersion = 1;
	classes = {
	};
	objectVersion = 50;
	objects = {

/* Begin PBXBuildFile section */
		ADDD161122D200B900DAE723 /* AppDelegate.swift in Sources */ = {isa = PBXBuildFile; fileRef = ADDD161022D200B900DAE723 /* AppDelegate.swift */; };
		ADDD161322D200B900DAE723 /* ViewController.swift in Sources */ = {isa = PBXBuildFile; fileRef = ADDD161222D200B900DAE723 /* ViewController.swift */; };
		ADDD161622D200B900DAE723 /* Main.storyboard in Resources */ = {isa = PBXBuildFile; fileRef = ADDD161422D200B900DAE723 /* Main.storyboard */; };
		ADDD161822D200B900DAE723 /* Assets.xcassets in Resources */ = {isa = PBXBuildFile; fileRef = ADDD161722D200B900DAE723 /* Assets.xcassets */; };
		ADDD161B22D200B900DAE723 /* LaunchScreen.storyboard in Resources */ = {isa = PBXBuildFile; fileRef = ADDD161922D200B900DAE723 /* LaunchScreen.storyboard */; };
		ADDD162322D20B2E00DAE723 /* ReviewClassifier.mlmodel in Sources */ = {isa = PBXBuildFile; fileRef = ADDD162222D20B2E00DAE723 /* ReviewClassifier.mlmodel */; };
/* End PBXBuildFile section */

/* Begin PBXFileReference section */
		ADDD160D22D200B900DAE723 /* ReviewsApp.app */ = {isa = PBXFileReference; explicitFileType = wrapper.application; includeInIndex = 0; path = ReviewsApp.app; sourceTree = BUILT_PRODUCTS_DIR; };
		ADDD161022D200B900DAE723 /* AppDelegate.swift */ = {isa = PBXFileReference; lastKnownFileType = sourcecode.swift; path = AppDelegate.swift; sourceTree = "<group>"; };
		ADDD161222D200B900DAE723 /* ViewController.swift */ = {isa = PBXFileReference; lastKnownFileType = sourcecode.swift; path = ViewController.swift; sourceTree = "<group>"; };
		ADDD161522D200B900DAE723 /* Base */ = {isa = PBXFileReference; lastKnownFileType = file.storyboard; name = Base; path = Base.lproj/Main.storyboard; sourceTree = "<group>"; };
		ADDD161722D200B900DAE723 /* Assets.xcassets */ = {isa = PBXFileReference; lastKnownFileType = folder.assetcatalog; path = Assets.xcassets; sourceTree = "<group>"; };
		ADDD161A22D200B900DAE723 /* Base */ = {isa = PBXFileReference; lastKnownFileType = file.storyboard; name = Base; path = Base.lproj/LaunchScreen.storyboard; sourceTree = "<group>"; };
		ADDD161C22D200B900DAE723 /* Info.plist */ = {isa = PBXFileReference; lastKnownFileType = text.plist.xml; path = Info.plist; sourceTree = "<group>"; };
		ADDD162222D20B2E00DAE723 /* ReviewClassifier.mlmodel */ = {isa = PBXFileReference; lastKnownFileType = file.mlmodel; name = ReviewClassifier.mlmodel; path = ../../ReviewClassifier.mlmodel; sourceTree = "<group>"; };
/* End PBXFileReference section */

/* Begin PBXFrameworksBuildPhase section */
		ADDD160A22D200B900DAE723 /* Frameworks */ = {
			isa = PBXFrameworksBuildPhase;
			buildActionMask = 2147483647;
			files = (
			);
			runOnlyForDeploymentPostprocessing = 0;
		};
/* End PBXFrameworksBuildPhase section */

/* Begin PBXGroup section */
		ADDD160422D200B900DAE723 = {
			isa = PBXGroup;
			children = (
				ADDD160F22D200B900DAE723 /* ReviewsApp */,
				ADDD160E22D200B900DAE723 /* Products */,
			);
			sourceTree = "<group>";
		};
		ADDD160E22D200B900DAE723 /* Products */ = {
			isa = PBXGroup;
			children = (
				ADDD160D22D200B900DAE723 /* ReviewsApp.app */,
			);
			name = Products;
			sourceTree = "<group>";
		};
		ADDD160F22D200B900DAE723 /* ReviewsApp */ = {
			isa = PBXGroup;
			children = (
				ADDD162222D20B2E00DAE723 /* ReviewClassifier.mlmodel */,
				ADDD161022D200B900DAE723 /* AppDelegate.swift */,
				ADDD161222D200B900DAE723 /* ViewController.swift */,
				ADDD161422D200B900DAE723 /* Main.storyboard */,
				ADDD161722D200B900DAE723 /* Assets.xcassets */,
				ADDD161922D200B900DAE723 /* LaunchScreen.storyboard */,
				ADDD161C22D200B900DAE723 /* Info.plist */,
			);
			path = ReviewsApp;
			sourceTree = "<group>";
		};
/* End PBXGroup section */

/* Begin PBXNativeTarget section */
		ADDD160C22D200B900DAE723 /* ReviewsApp */ = {
			isa = PBXNativeTarget;
			buildConfigurationList = ADDD161F22D200B900DAE723 /* Build configuration list for PBXNativeTarget "ReviewsApp" */;
			buildPhases = (
				ADDD160922D200B900DAE723 /* Sources */,
				ADDD160A22D200B900DAE723 /* Frameworks */,
				ADDD160B22D200B900DAE723 /* Resources */,
			);
			buildRules = (
			);
			dependencies = (
			);
			name = ReviewsApp;
			productName = ReviewsApp;
			productReference = ADDD160D22D200B900DAE723 /* ReviewsApp.app */;
			productType = "com.apple.product-type.application";
		};
/* End PBXNativeTarget section */

/* Begin PBXProject section */
		ADDD160522D200B900DAE723 /* Project object */ = {
			isa = PBXProject;
			attributes = {
				LastSwiftUpdateCheck = 1020;
				LastUpgradeCheck = 1020;
				ORGANIZATIONNAME = ANTON.TESTOV.INC;
				TargetAttributes = {
					ADDD160C22D200B900DAE723 = {
						CreatedOnToolsVersion = 10.2.1;
					};
				};
			};
			buildConfigurationList = ADDD160822D200B900DAE723 /* Build configuration list for PBXProject "ReviewsApp" */;
			compatibilityVersion = "Xcode 9.3";
			developmentRegion = en;
			hasScannedForEncodings = 0;
			knownRegions = (
				en,
				Base,
			);
			mainGroup = ADDD160422D200B900DAE723;
			productRefGroup = ADDD160E22D200B900DAE723 /* Products */;
			projectDirPath = "";
			projectRoot = "";
			targets = (
				ADDD160C22D200B900DAE723 /* ReviewsApp */,
			);
		};
/* End PBXProject section */

/* Begin PBXResourcesBuildPhase section */
		ADDD160B22D200B900DAE723 /* Resources */ = {
			isa = PBXResourcesBuildPhase;
			buildActionMask = 2147483647;
			files = (
				ADDD161B22D200B900DAE723 /* LaunchScreen.storyboard in Resources */,
				ADDD161822D200B900DAE723 /* Assets.xcassets in Resources */,
				ADDD161622D200B900DAE723 /* Main.storyboard in Resources */,
			);
			runOnlyForDeploymentPostprocessing = 0;
		};
/* End PBXResourcesBuildPhase section */

/* Begin PBXSourcesBuildPhase section */
		ADDD160922D200B900DAE723 /* Sources */ = {
			isa = PBXSourcesBuildPhase;
			buildActionMask = 2147483647;
			files = (
				ADDD162322D20B2E00DAE723 /* ReviewClassifier.mlmodel in Sources */,
				ADDD161322D200B900DAE723 /* ViewController.swift in Sources */,
				ADDD161122D200B900DAE723 /* AppDelegate.swift in Sources */,
			);
			runOnlyForDeploymentPostprocessing = 0;
		};
/* End PBXSourcesBuildPhase section */

/* Begin PBXVariantGroup section */
		ADDD161422D200B900DAE723 /* Main.storyboard */ = {
			isa = PBXVariantGroup;
			children = (
				ADDD161522D200B900DAE723 /* Base */,
			);
			name = Main.storyboard;
			sourceTree = "<group>";
		};
		ADDD161922D200B900DAE723 /* LaunchScreen.storyboard */ = {
			isa = PBXVariantGroup;
			children = (
				ADDD161A22D200B900DAE723 /* Base */,
			);
			name = LaunchScreen.storyboard;
			sourceTree = "<group>";
		};
/* End PBXVariantGroup section */

/* Begin XCBuildConfiguration section */
		ADDD161D22D200B900DAE723 /* Debug */ = {
			isa = XCBuildConfiguration;
			buildSettings = {
				ALWAYS_SEARCH_USER_PATHS = NO;
				CLANG_ANALYZER_NONNULL = YES;
				CLANG_ANALYZER_NUMBER_OBJECT_CONVERSION = YES_AGGRESSIVE;
				CLANG_CXX_LANGUAGE_STANDARD = "gnu++14";
				CLANG_CXX_LIBRARY = "libc++";
				CLANG_ENABLE_MODULES = YES;
				CLANG_ENABLE_OBJC_ARC = YES;
				CLANG_ENABLE_OBJC_WEAK = YES;
				CLANG_WARN_BLOCK_CAPTURE_AUTORELEASING = YES;
				CLANG_WARN_BOOL_CONVERSION = YES;
				CLANG_WARN_COMMA = YES;
				CLANG_WARN_CONSTANT_CONVERSION = YES;
				CLANG_WARN_DEPRECATED_OBJC_IMPLEMENTATIONS = YES;
				CLANG_WARN_DIRECT_OBJC_ISA_USAGE = YES_ERROR;
				CLANG_WARN_DOCUMENTATION_COMMENTS = YES;
				CLANG_WARN_EMPTY_BODY = YES;
				CLANG_WARN_ENUM_CONVERSION = YES;
				CLANG_WARN_INFINITE_RECURSION = YES;
				CLANG_WARN_INT_CONVERSION = YES;
				CLANG_WARN_NON_LITERAL_NULL_CONVERSION = YES;
				CLANG_WARN_OBJC_IMPLICIT_RETAIN_SELF = YES;
				CLANG_WARN_OBJC_LITERAL_CONVERSION = YES;
				CLANG_WARN_OBJC_ROOT_CLASS = YES_ERROR;
				CLANG_WARN_RANGE_LOOP_ANALYSIS = YES;
				CLANG_WARN_STRICT_PROTOTYPES = YES;
				CLANG_WARN_SUSPICIOUS_MOVE = YES;
				CLANG_WARN_UNGUARDED_AVAILABILITY = YES_AGGRESSIVE;
				CLANG_WARN_UNREACHABLE_CODE = YES;
				CLANG_WARN__DUPLICATE_METHOD_MATCH = YES;
				CODE_SIGN_IDENTITY = "iPhone Developer";
				COPY_PHASE_STRIP = NO;
				DEBUG_INFORMATION_FORMAT = dwarf;
				ENABLE_STRICT_OBJC_MSGSEND = YES;
				ENABLE_TESTABILITY = YES;
				GCC_C_LANGUAGE_STANDARD = gnu11;
				GCC_DYNAMIC_NO_PIC = NO;
				GCC_NO_COMMON_BLOCKS = YES;
				GCC_OPTIMIZATION_LEVEL = 0;
				GCC_PREPROCESSOR_DEFINITIONS = (
					"DEBUG=1",
					"$(inherited)",
				);
				GCC_WARN_64_TO_32_BIT_CONVERSION = YES;
				GCC_WARN_ABOUT_RETURN_TYPE = YES_ERROR;
				GCC_WARN_UNDECLARED_SELECTOR = YES;
				GCC_WARN_UNINITIALIZED_AUTOS = YES_AGGRESSIVE;
				GCC_WARN_UNUSED_FUNCTION = YES;
				GCC_WARN_UNUSED_VARIABLE = YES;
				IPHONEOS_DEPLOYMENT_TARGET = 12.2;
				MTL_ENABLE_DEBUG_INFO = INCLUDE_SOURCE;
				MTL_FAST_MATH = YES;
				ONLY_ACTIVE_ARCH = YES;
				SDKROOT = iphoneos;
				SWIFT_ACTIVE_COMPILATION_CONDITIONS = DEBUG;
				SWIFT_OPTIMIZATION_LEVEL = "-Onone";
			};
			name = Debug;
		};
		ADDD161E22D200B900DAE723 /* Release */ = {
			isa = XCBuildConfiguration;
			buildSettings = {
				ALWAYS_SEARCH_USER_PATHS = NO;
				CLANG_ANALYZER_NONNULL = YES;
				CLANG_ANALYZER_NUMBER_OBJECT_CONVERSION = YES_AGGRESSIVE;
				CLANG_CXX_LANGUAGE_STANDARD = "gnu++14";
				CLANG_CXX_LIBRARY = "libc++";
				CLANG_ENABLE_MODULES = YES;
				CLANG_ENABLE_OBJC_ARC = YES;
				CLANG_ENABLE_OBJC_WEAK = YES;
				CLANG_WARN_BLOCK_CAPTURE_AUTORELEASING = YES;
				CLANG_WARN_BOOL_CONVERSION = YES;
				CLANG_WARN_COMMA = YES;
				CLANG_WARN_CONSTANT_CONVERSION = YES;
				CLANG_WARN_DEPRECATED_OBJC_IMPLEMENTATIONS = YES;
				CLANG_WARN_DIRECT_OBJC_ISA_USAGE = YES_ERROR;
				CLANG_WARN_DOCUMENTATION_COMMENTS = YES;
				CLANG_WARN_EMPTY_BODY = YES;
				CLANG_WARN_ENUM_CONVERSION = YES;
				CLANG_WARN_INFINITE_RECURSION = YES;
				CLANG_WARN_INT_CONVERSION = YES;
				CLANG_WARN_NON_LITERAL_NULL_CONVERSION = YES;
				CLANG_WARN_OBJC_IMPLICIT_RETAIN_SELF = YES;
				CLANG_WARN_OBJC_LITERAL_CONVERSION = YES;
				CLANG_WARN_OBJC_ROOT_CLASS = YES_ERROR;
				CLANG_WARN_RANGE_LOOP_ANALYSIS = YES;
				CLANG_WARN_STRICT_PROTOTYPES = YES;
				CLANG_WARN_SUSPICIOUS_MOVE = YES;
				CLANG_WARN_UNGUARDED_AVAILABILITY = YES_AGGRESSIVE;
				CLANG_WARN_UNREACHABLE_CODE = YES;
				CLANG_WARN__DUPLICATE_METHOD_MATCH = YES;
				CODE_SIGN_IDENTITY = "iPhone Developer";
				COPY_PHASE_STRIP = NO;
				DEBUG_INFORMATION_FORMAT = "dwarf-with-dsym";
				ENABLE_NS_ASSERTIONS = NO;
				ENABLE_STRICT_OBJC_MSGSEND = YES;
				GCC_C_LANGUAGE_STANDARD = gnu11;
				GCC_NO_COMMON_BLOCKS = YES;
				GCC_WARN_64_TO_32_BIT_CONVERSION = YES;
				GCC_WARN_ABOUT_RETURN_TYPE = YES_ERROR;
				GCC_WARN_UNDECLARED_SELECTOR = YES;
				GCC_WARN_UNINITIALIZED_AUTOS = YES_AGGRESSIVE;
				GCC_WARN_UNUSED_FUNCTION = YES;
				GCC_WARN_UNUSED_VARIABLE = YES;
				IPHONEOS_DEPLOYMENT_TARGET = 12.2;
				MTL_ENABLE_DEBUG_INFO = NO;
				MTL_FAST_MATH = YES;
				SDKROOT = iphoneos;
				SWIFT_COMPILATION_MODE = wholemodule;
				SWIFT_OPTIMIZATION_LEVEL = "-O";
				VALIDATE_PRODUCT = YES;
			};
			name = Release;
		};
		ADDD162022D200B900DAE723 /* Debug */ = {
			isa = XCBuildConfiguration;
			buildSettings = {
				ASSETCATALOG_COMPILER_APPICON_NAME = AppIcon;
				CODE_SIGN_STYLE = Automatic;
				DEVELOPMENT_TEAM = NUB4D67MUX;
				INFOPLIST_FILE = ReviewsApp/Info.plist;
				LD_RUNPATH_SEARCH_PATHS = (
					"$(inherited)",
					"@executable_path/Frameworks",
				);
				PRODUCT_BUNDLE_IDENTIFIER = ATI.ReviewsApp;
				PRODUCT_NAME = "$(TARGET_NAME)";
				SWIFT_VERSION = 5.0;
				TARGETED_DEVICE_FAMILY = "1,2";
			};
			name = Debug;
		};
		ADDD162122D200B900DAE723 /* Release */ = {
			isa = XCBuildConfiguration;
			buildSettings = {
				ASSETCATALOG_COMPILER_APPICON_NAME = AppIcon;
				CODE_SIGN_STYLE = Automatic;
				DEVELOPMENT_TEAM = NUB4D67MUX;
				INFOPLIST_FILE = ReviewsApp/Info.plist;
				LD_RUNPATH_SEARCH_PATHS = (
					"$(inherited)",
					"@executable_path/Frameworks",
				);
				PRODUCT_BUNDLE_IDENTIFIER = ATI.ReviewsApp;
				PRODUCT_NAME = "$(TARGET_NAME)";
				SWIFT_VERSION = 5.0;
				TARGETED_DEVICE_FAMILY = "1,2";
			};
			name = Release;
		};
/* End XCBuildConfiguration section */

/* Begin XCConfigurationList section */
		ADDD160822D200B900DAE723 /* Build configuration list for PBXProject "ReviewsApp" */ = {
			isa = XCConfigurationList;
			buildConfigurations = (
				ADDD161D22D200B900DAE723 /* Debug */,
				ADDD161E22D200B900DAE723 /* Release */,
			);
			defaultConfigurationIsVisible = 0;
			defaultConfigurationName = Release;
		};
		ADDD161F22D200B900DAE723 /* Build configuration list for PBXNativeTarget "ReviewsApp" */ = {
			isa = XCConfigurationList;
			buildConfigurations = (
				ADDD162022D200B900DAE723 /* Debug */,
				ADDD162122D200B900DAE723 /* Release */,
			);
			defaultConfigurationIsVisible = 0;
			defaultConfigurationName = Release;
		};
/* End XCConfigurationList section */
	};
	rootObject = ADDD160522D200B900DAE723 /* Project object */;
}
